
Microsoft Visual Studio Solution File, Format Version 12.00
# Visual Studio Version 16
VisualStudioVersion = 16.0.31729.503
MinimumVisualStudioVersion = 10.0.40219.1
Project("{FAE04EC0-301F-11D3-BF4B-00C04F79EFBC}") = "Kromer Calculator", "Kromer Calculator.csproj", "{DE5A7134-AF6C-4746-B87B-DCD7FDBC479B}"
EndProject
Global
	GlobalSection(SolutionConfigurationPlatforms) = preSolution
		Debug|Any CPU = Debug|Any CPU
		Release|Any CPU = Release|Any CPU
	EndGlobalSection
	GlobalSection(ProjectConfigurationPlatforms) = postSolution
		{DE5A7134-AF6C-4746-B87B-DCD7FDBC479B}.Debug|Any CPU.ActiveCfg = Debug|Any CPU
		{DE5A7134-AF6C-4746-B87B-DCD7FDBC479B}.Debug|Any CPU.Build.0 = Debug|Any CPU
		{DE5A7134-AF6C-4746-B87B-DCD7FDBC479B}.Release|Any CPU.ActiveCfg = Release|Any CPU
		{DE5A7134-AF6C-4746-B87B-DCD7FDBC479B}.Release|Any CPU.Build.0 = Release|Any CPU
	EndGlobalSection
	GlobalSection(SolutionProperties) = preSolution
		HideSolutionNode = FALSE
	EndGlobalSection
	GlobalSection(ExtensibilityGlobals) = postSolution
		SolutionGuid = {1F5F6489-5624-4939-A0A4-A9EE270E6B4E}
	EndGlobalSection
EndGlobal
